{
  "name": "blog",
  "version": "1.0.0",
  "lockfileVersion": 1,
  "requires": true,
  "dependencies": {
    "@vue/devtools-api": {
      "version": "6.0.0-beta.11",
      "resolved": "https://registry.npmjs.org/@vue/devtools-api/-/devtools-api-6.0.0-beta.11.tgz",
      "integrity": "sha512-vpw61AkW9U8c2upjJCljHq9eh1KkD4FJ7DYbRzIETpj9WAw2VESudJZosAk4M+7npBo1Zu1jNQY03HUMVO/czQ=="
    },
    "vue-router": {
      "version": "4.0.8",
      "resolved": "https://registry.npmjs.org/vue-router/-/vue-router-4.0.8.tgz",
      "integrity": "sha512-42mWSQaH7CCBQDspQTHv63f34VEnZC20g9QNK4WJ/zW8SdIUeT6TQ2i/78fjF/pVBUPLBWrGhvB7uDnaz7O/pA==",
      "requires": {
        "@vue/devtools-api": "^6.0.0-beta.10"
      }
    }
  }
}
